
Microsoft Visual Studio Solution File, Format Version 12.00
# Visual Studio Version 17
VisualStudioVersion = 17.4.33205.214
MinimumVisualStudioVersion = 10.0.40219.1
Project("{9A19103F-16F7-4668-BE54-9A1E7A4F7556}") = "TimeStopDependency", "TimeStopDependency.csproj", "{AE587CEC-BD99-4DB2-A5C7-66286595B21B}"
EndProject
Global
	GlobalSection(SolutionConfigurationPlatforms) = preSolution
		Debug|Any CPU = Debug|Any CPU
		Release|Any CPU = Release|Any CPU
	EndGlobalSection
	GlobalSection(ProjectConfigurationPlatforms) = postSolution
		{AE587CEC-BD99-4DB2-A5C7-66286595B21B}.Debug|Any CPU.ActiveCfg = Debug|Any CPU
		{AE587CEC-BD99-4DB2-A5C7-66286595B21B}.Debug|Any CPU.Build.0 = Debug|Any CPU
		{AE587CEC-BD99-4DB2-A5C7-66286595B21B}.Release|Any CPU.ActiveCfg = Release|Any CPU
		{AE587CEC-BD99-4DB2-A5C7-66286595B21B}.Release|Any CPU.Build.0 = Release|Any CPU
	EndGlobalSection
	GlobalSection(SolutionProperties) = preSolution
		HideSolutionNode = FALSE
	EndGlobalSection
	GlobalSection(ExtensibilityGlobals) = postSolution
		SolutionGuid = {E21F1FA4-C43B-4A4D-AA50-AC35AEB59985}
	EndGlobalSection
EndGlobal
